
Microsoft Visual Studio Solution File, Format Version 12.00
# Visual Studio 15
VisualStudioVersion = 15.0.27703.2000
MinimumVisualStudioVersion = 10.0.40219.1
Project("{FAE04EC0-301F-11D3-BF4B-00C04F79EFBC}") = "MobileAutomation", "MobileAutomation\MobileAutomation.csproj", "{A62BA578-F064-4128-9373-D2A437C641E4}"
EndProject
Global
	GlobalSection(SolutionConfigurationPlatforms) = preSolution
		Debug|Any CPU = Debug|Any CPU
		Release|Any CPU = Release|Any CPU
	EndGlobalSection
	GlobalSection(ProjectConfigurationPlatforms) = postSolution
		{A62BA578-F064-4128-9373-D2A437C641E4}.Debug|Any CPU.ActiveCfg = Debug|Any CPU
		{A62BA578-F064-4128-9373-D2A437C641E4}.Debug|Any CPU.Build.0 = Debug|Any CPU
		{A62BA578-F064-4128-9373-D2A437C641E4}.Release|Any CPU.ActiveCfg = Release|Any CPU
		{A62BA578-F064-4128-9373-D2A437C641E4}.Release|Any CPU.Build.0 = Release|Any CPU
	EndGlobalSection
	GlobalSection(SolutionProperties) = preSolution
		HideSolutionNode = FALSE
	EndGlobalSection
	GlobalSection(ExtensibilityGlobals) = postSolution
		SolutionGuid = {EBB406E1-6BA7-4729-8FBC-8A389C225F09}
	EndGlobalSection
EndGlobal
